
Microsoft Visual Studio Solution File, Format Version 12.00
# Visual Studio Version 17
VisualStudioVersion = 17.0.31903.59
MinimumVisualStudioVersion = 10.0.40219.1
Project("{FAE04EC0-301F-11D3-BF4B-00C04F79EFBC}") = "Redux", "Redux\Redux.csproj", "{84375A62-8D84-4052-9B9F-BADE4E36E050}"
EndProject
Project("{FAE04EC0-301F-11D3-BF4B-00C04F79EFBC}") = "Crypto", "Crypto\Crypto.csproj", "{138CD648-1F2B-4BE6-9E18-49BA7E90FB9B}"
EndProject
Project("{FAE04EC0-301F-11D3-BF4B-00C04F79EFBC}") = "Maps", "Maps\Maps.csproj", "{1E678428-6A5B-49FA-BDA5-71215BCBBE9F}"
EndProject
Project("{FAE04EC0-301F-11D3-BF4B-00C04F79EFBC}") = "Database", "Database\Database.csproj", "{E3762F26-50D9-4CA6-AFE8-A97DF370FD6F}"
EndProject
Project("{FAE04EC0-301F-11D3-BF4B-00C04F79EFBC}") = "Network", "Network\Network.csproj", "{2577D45A-D61D-4655-9E60-668A77204A4D}"
EndProject
Project("{FAE04EC0-301F-11D3-BF4B-00C04F79EFBC}") = "Packets", "Packets\Packets.csproj", "{D5C83D1E-84A3-4060-AD15-146AAFC5DA27}"
EndProject
Project("{FAE04EC0-301F-11D3-BF4B-00C04F79EFBC}") = "Crypto.Tests", "Crypto.Tests\Crypto.Tests.csproj", "{BAECFD81-02A8-4465-ACA1-B60D2F622890}"
EndProject
Project("{FAE04EC0-301F-11D3-BF4B-00C04F79EFBC}") = "Packets.Tests", "Packets.Tests\Packets.Tests.csproj", "{AA674604-9E8F-4ED1-8068-853DF0CBDB30}"
EndProject
Global
	GlobalSection(SolutionConfigurationPlatforms) = preSolution
		Debug|Any CPU = Debug|Any CPU
		Release|Any CPU = Release|Any CPU
	EndGlobalSection
	GlobalSection(SolutionProperties) = preSolution
		HideSolutionNode = FALSE
	EndGlobalSection
	GlobalSection(ProjectConfigurationPlatforms) = postSolution
		{84375A62-8D84-4052-9B9F-BADE4E36E050}.Debug|Any CPU.ActiveCfg = Debug|Any CPU
		{84375A62-8D84-4052-9B9F-BADE4E36E050}.Debug|Any CPU.Build.0 = Debug|Any CPU
		{84375A62-8D84-4052-9B9F-BADE4E36E050}.Release|Any CPU.ActiveCfg = Release|Any CPU
		{84375A62-8D84-4052-9B9F-BADE4E36E050}.Release|Any CPU.Build.0 = Release|Any CPU
		{138CD648-1F2B-4BE6-9E18-49BA7E90FB9B}.Debug|Any CPU.ActiveCfg = Debug|Any CPU
		{138CD648-1F2B-4BE6-9E18-49BA7E90FB9B}.Debug|Any CPU.Build.0 = Debug|Any CPU
		{138CD648-1F2B-4BE6-9E18-49BA7E90FB9B}.Release|Any CPU.ActiveCfg = Release|Any CPU
		{138CD648-1F2B-4BE6-9E18-49BA7E90FB9B}.Release|Any CPU.Build.0 = Release|Any CPU
		{1E678428-6A5B-49FA-BDA5-71215BCBBE9F}.Debug|Any CPU.ActiveCfg = Debug|Any CPU
		{1E678428-6A5B-49FA-BDA5-71215BCBBE9F}.Debug|Any CPU.Build.0 = Debug|Any CPU
		{1E678428-6A5B-49FA-BDA5-71215BCBBE9F}.Release|Any CPU.ActiveCfg = Release|Any CPU
		{1E678428-6A5B-49FA-BDA5-71215BCBBE9F}.Release|Any CPU.Build.0 = Release|Any CPU
		{E3762F26-50D9-4CA6-AFE8-A97DF370FD6F}.Debug|Any CPU.ActiveCfg = Debug|Any CPU
		{E3762F26-50D9-4CA6-AFE8-A97DF370FD6F}.Debug|Any CPU.Build.0 = Debug|Any CPU
		{E3762F26-50D9-4CA6-AFE8-A97DF370FD6F}.Release|Any CPU.ActiveCfg = Release|Any CPU
		{E3762F26-50D9-4CA6-AFE8-A97DF370FD6F}.Release|Any CPU.Build.0 = Release|Any CPU
		{2577D45A-D61D-4655-9E60-668A77204A4D}.Debug|Any CPU.ActiveCfg = Debug|Any CPU
		{2577D45A-D61D-4655-9E60-668A77204A4D}.Debug|Any CPU.Build.0 = Debug|Any CPU
		{2577D45A-D61D-4655-9E60-668A77204A4D}.Release|Any CPU.ActiveCfg = Release|Any CPU
		{2577D45A-D61D-4655-9E60-668A77204A4D}.Release|Any CPU.Build.0 = Release|Any CPU
		{D5C83D1E-84A3-4060-AD15-146AAFC5DA27}.Debug|Any CPU.ActiveCfg = Debug|Any CPU
		{D5C83D1E-84A3-4060-AD15-146AAFC5DA27}.Debug|Any CPU.Build.0 = Debug|Any CPU
		{D5C83D1E-84A3-4060-AD15-146AAFC5DA27}.Release|Any CPU.ActiveCfg = Release|Any CPU
		{D5C83D1E-84A3-4060-AD15-146AAFC5DA27}.Release|Any CPU.Build.0 = Release|Any CPU
		{BAECFD81-02A8-4465-ACA1-B60D2F622890}.Debug|Any CPU.ActiveCfg = Debug|Any CPU
		{BAECFD81-02A8-4465-ACA1-B60D2F622890}.Debug|Any CPU.Build.0 = Debug|Any CPU
		{BAECFD81-02A8-4465-ACA1-B60D2F622890}.Release|Any CPU.ActiveCfg = Release|Any CPU
		{BAECFD81-02A8-4465-ACA1-B60D2F622890}.Release|Any CPU.Build.0 = Release|Any CPU
		{AA674604-9E8F-4ED1-8068-853DF0CBDB30}.Debug|Any CPU.ActiveCfg = Debug|Any CPU
		{AA674604-9E8F-4ED1-8068-853DF0CBDB30}.Debug|Any CPU.Build.0 = Debug|Any CPU
		{AA674604-9E8F-4ED1-8068-853DF0CBDB30}.Release|Any CPU.ActiveCfg = Release|Any CPU
		{AA674604-9E8F-4ED1-8068-853DF0CBDB30}.Release|Any CPU.Build.0 = Release|Any CPU
	EndGlobalSection
EndGlobal
